// !$*UTF8*$!
{
	archiveVersion = 1;
	classes = {
	};
	objectVersion = 56;
	objects = {

/* Begin PBXBuildFile section */
		3A300E172BEA921A00F3C013 /* MyDaylistApp.swift in Sources */ = {isa = PBXBuildFile; fileRef = 3A300E162BEA921A00F3C013 /* MyDaylistApp.swift */; };
		3A300E192BEA921A00F3C013 /* ContentView.swift in Sources */ = {isa = PBXBuildFile; fileRef = 3A300E182BEA921A00F3C013 /* ContentView.swift */; };
		3A300E1B2BEA921B00F3C013 /* Assets.xcassets in Resources */ = {isa = PBXBuildFile; fileRef = 3A300E1A2BEA921B00F3C013 /* Assets.xcassets */; };
		3A300E1E2BEA921B00F3C013 /* Preview Assets.xcassets in Resources */ = {isa = PBXBuildFile; fileRef = 3A300E1D2BEA921B00F3C013 /* Preview Assets.xcassets */; };
		3A300E292BEA93BE00F3C013 /* Event.swift in Sources */ = {isa = PBXBuildFile; fileRef = 3A300E282BEA93BE00F3C013 /* Event.swift */; };
		3A300E2B2BEA93EE00F3C013 /* EventEntry.swift in Sources */ = {isa = PBXBuildFile; fileRef = 3A300E2A2BEA93EE00F3C013 /* EventEntry.swift */; };
		3A300E2D2BEA942500F3C013 /* EventEntryView.swift in Sources */ = {isa = PBXBuildFile; fileRef = 3A300E2C2BEA942500F3C013 /* EventEntryView.swift */; };
		3A300E2F2BEA947A00F3C013 /* EventEntryListItem.swift in Sources */ = {isa = PBXBuildFile; fileRef = 3A300E2E2BEA947A00F3C013 /* EventEntryListItem.swift */; };
		3A300E312BEA94A000F3C013 /* SettingsView.swift in Sources */ = {isa = PBXBuildFile; fileRef = 3A300E302BEA94A000F3C013 /* SettingsView.swift */; };
		3A300E332BEA94BD00F3C013 /* SettingsDetailView.swift in Sources */ = {isa = PBXBuildFile; fileRef = 3A300E322BEA94BD00F3C013 /* SettingsDetailView.swift */; };
		3A300E352BEA94D500F3C013 /* DateView.swift in Sources */ = {isa = PBXBuildFile; fileRef = 3A300E342BEA94D500F3C013 /* DateView.swift */; };
		3A300E372BEA94E800F3C013 /* MyScene.swift in Sources */ = {isa = PBXBuildFile; fileRef = 3A300E362BEA94E800F3C013 /* MyScene.swift */; };
/* End PBXBuildFile section */

/* Begin PBXFileReference section */
		3A300E132BEA921A00F3C013 /* MyDaylist.app */ = {isa = PBXFileReference; explicitFileType = wrapper.application; includeInIndex = 0; path = MyDaylist.app; sourceTree = BUILT_PRODUCTS_DIR; };
		3A300E162BEA921A00F3C013 /* MyDaylistApp.swift */ = {isa = PBXFileReference; lastKnownFileType = sourcecode.swift; path = MyDaylistApp.swift; sourceTree = "<group>"; };
		3A300E182BEA921A00F3C013 /* ContentView.swift */ = {isa = PBXFileReference; lastKnownFileType = sourcecode.swift; path = ContentView.swift; sourceTree = "<group>"; };
		3A300E1A2BEA921B00F3C013 /* Assets.xcassets */ = {isa = PBXFileReference; lastKnownFileType = folder.assetcatalog; path = Assets.xcassets; sourceTree = "<group>"; };
		3A300E1D2BEA921B00F3C013 /* Preview Assets.xcassets */ = {isa = PBXFileReference; lastKnownFileType = folder.assetcatalog; path = "Preview Assets.xcassets"; sourceTree = "<group>"; };
		3A300E282BEA93BE00F3C013 /* Event.swift */ = {isa = PBXFileReference; lastKnownFileType = sourcecode.swift; path = Event.swift; sourceTree = "<group>"; };
		3A300E2A2BEA93EE00F3C013 /* EventEntry.swift */ = {isa = PBXFileReference; lastKnownFileType = sourcecode.swift; path = EventEntry.swift; sourceTree = "<group>"; };
		3A300E2C2BEA942500F3C013 /* EventEntryView.swift */ = {isa = PBXFileReference; lastKnownFileType = sourcecode.swift; path = EventEntryView.swift; sourceTree = "<group>"; };
		3A300E2E2BEA947A00F3C013 /* EventEntryListItem.swift */ = {isa = PBXFileReference; lastKnownFileType = sourcecode.swift; path = EventEntryListItem.swift; sourceTree = "<group>"; };
		3A300E302BEA94A000F3C013 /* SettingsView.swift */ = {isa = PBXFileReference; lastKnownFileType = sourcecode.swift; path = SettingsView.swift; sourceTree = "<group>"; };
		3A300E322BEA94BD00F3C013 /* SettingsDetailView.swift */ = {isa = PBXFileReference; lastKnownFileType = sourcecode.swift; path = SettingsDetailView.swift; sourceTree = "<group>"; };
		3A300E342BEA94D500F3C013 /* DateView.swift */ = {isa = PBXFileReference; lastKnownFileType = sourcecode.swift; path = DateView.swift; sourceTree = "<group>"; };
		3A300E362BEA94E800F3C013 /* MyScene.swift */ = {isa = PBXFileReference; lastKnownFileType = sourcecode.swift; path = MyScene.swift; sourceTree = "<group>"; };
/* End PBXFileReference section */

/* Begin PBXFrameworksBuildPhase section */
		3A300E102BEA921A00F3C013 /* Frameworks */ = {
			isa = PBXFrameworksBuildPhase;
			buildActionMask = 2147483647;
			files = (
			);
			runOnlyForDeploymentPostprocessing = 0;
		};
/* End PBXFrameworksBuildPhase section */

/* Begin PBXGroup section */
		3A300E0A2BEA921A00F3C013 = {
			isa = PBXGroup;
			children = (
				3A300E152BEA921A00F3C013 /* MyDaylist */,
				3A300E142BEA921A00F3C013 /* Products */,
			);
			sourceTree = "<group>";
		};
		3A300E142BEA921A00F3C013 /* Products */ = {
			isa = PBXGroup;
			children = (
				3A300E132BEA921A00F3C013 /* MyDaylist.app */,
			);
			name = Products;
			sourceTree = "<group>";
		};
		3A300E152BEA921A00F3C013 /* MyDaylist */ = {
			isa = PBXGroup;
			children = (
				3A300E272BEA933400F3C013 /* Models */,
				3A300E252BEA931900F3C013 /* Views */,
				3A300E242BEA930E00F3C013 /* Scenes */,
				3A300E162BEA921A00F3C013 /* MyDaylistApp.swift */,
				3A300E1A2BEA921B00F3C013 /* Assets.xcassets */,
				3A300E1C2BEA921B00F3C013 /* Preview Content */,
			);
			path = MyDaylist;
			sourceTree = "<group>";
		};
		3A300E1C2BEA921B00F3C013 /* Preview Content */ = {
			isa = PBXGroup;
			children = (
				3A300E1D2BEA921B00F3C013 /* Preview Assets.xcassets */,
			);
			path = "Preview Content";
			sourceTree = "<group>";
		};
		3A300E242BEA930E00F3C013 /* Scenes */ = {
			isa = PBXGroup;
			children = (
				3A300E362BEA94E800F3C013 /* MyScene.swift */,
			);
			path = Scenes;
			sourceTree = "<group>";
		};
		3A300E252BEA931900F3C013 /* Views */ = {
			isa = PBXGroup;
			children = (
				3A300E182BEA921A00F3C013 /* ContentView.swift */,
				3A300E2C2BEA942500F3C013 /* EventEntryView.swift */,
				3A300E2E2BEA947A00F3C013 /* EventEntryListItem.swift */,
				3A300E302BEA94A000F3C013 /* SettingsView.swift */,
				3A300E322BEA94BD00F3C013 /* SettingsDetailView.swift */,
				3A300E342BEA94D500F3C013 /* DateView.swift */,
			);
			path = Views;
			sourceTree = "<group>";
		};
		3A300E272BEA933400F3C013 /* Models */ = {
			isa = PBXGroup;
			children = (
				3A300E282BEA93BE00F3C013 /* Event.swift */,
				3A300E2A2BEA93EE00F3C013 /* EventEntry.swift */,
			);
			path = Models;
			sourceTree = "<group>";
		};
/* End PBXGroup section */

/* Begin PBXNativeTarget section */
		3A300E122BEA921A00F3C013 /* MyDaylist */ = {
			isa = PBXNativeTarget;
			buildConfigurationList = 3A300E212BEA921B00F3C013 /* Build configuration list for PBXNativeTarget "MyDaylist" */;
			buildPhases = (
				3A300E0F2BEA921A00F3C013 /* Sources */,
				3A300E102BEA921A00F3C013 /* Frameworks */,
				3A300E112BEA921A00F3C013 /* Resources */,
			);
			buildRules = (
			);
			dependencies = (
			);
			name = MyDaylist;
			productName = MyDaylist;
			productReference = 3A300E132BEA921A00F3C013 /* MyDaylist.app */;
			productType = "com.apple.product-type.application";
		};
/* End PBXNativeTarget section */

/* Begin PBXProject section */
		3A300E0B2BEA921A00F3C013 /* Project object */ = {
			isa = PBXProject;
			attributes = {
				BuildIndependentTargetsInParallel = 1;
				LastSwiftUpdateCheck = 1500;
				LastUpgradeCheck = 1500;
				TargetAttributes = {
					3A300E122BEA921A00F3C013 = {
						CreatedOnToolsVersion = 15.0.1;
					};
				};
			};
			buildConfigurationList = 3A300E0E2BEA921A00F3C013 /* Build configuration list for PBXProject "MyDaylist" */;
			compatibilityVersion = "Xcode 14.0";
			developmentRegion = en;
			hasScannedForEncodings = 0;
			knownRegions = (
				en,
				Base,
			);
			mainGroup = 3A300E0A2BEA921A00F3C013;
			productRefGroup = 3A300E142BEA921A00F3C013 /* Products */;
			projectDirPath = "";
			projectRoot = "";
			targets = (
				3A300E122BEA921A00F3C013 /* MyDaylist */,
			);
		};
/* End PBXProject section */

/* Begin PBXResourcesBuildPhase section */
		3A300E112BEA921A00F3C013 /* Resources */ = {
			isa = PBXResourcesBuildPhase;
			buildActionMask = 2147483647;
			files = (
				3A300E1E2BEA921B00F3C013 /* Preview Assets.xcassets in Resources */,
				3A300E1B2BEA921B00F3C013 /* Assets.xcassets in Resources */,
			);
			runOnlyForDeploymentPostprocessing = 0;
		};
/* End PBXResourcesBuildPhase section */

/* Begin PBXSourcesBuildPhase section */
		3A300E0F2BEA921A00F3C013 /* Sources */ = {
			isa = PBXSourcesBuildPhase;
			buildActionMask = 2147483647;
			files = (
				3A300E312BEA94A000F3C013 /* SettingsView.swift in Sources */,
				3A300E192BEA921A00F3C013 /* ContentView.swift in Sources */,
				3A300E372BEA94E800F3C013 /* MyScene.swift in Sources */,
				3A300E332BEA94BD00F3C013 /* SettingsDetailView.swift in Sources */,
				3A300E292BEA93BE00F3C013 /* Event.swift in Sources */,
				3A300E2F2BEA947A00F3C013 /* EventEntryListItem.swift in Sources */,
				3A300E2D2BEA942500F3C013 /* EventEntryView.swift in Sources */,
				3A300E352BEA94D500F3C013 /* DateView.swift in Sources */,
				3A300E172BEA921A00F3C013 /* MyDaylistApp.swift in Sources */,
				3A300E2B2BEA93EE00F3C013 /* EventEntry.swift in Sources */,
			);
			runOnlyForDeploymentPostprocessing = 0;
		};
/* End PBXSourcesBuildPhase section */

/* Begin XCBuildConfiguration section */
		3A300E1F2BEA921B00F3C013 /* Debug */ = {
			isa = XCBuildConfiguration;
			buildSettings = {
				ALWAYS_SEARCH_USER_PATHS = NO;
				ASSETCATALOG_COMPILER_GENERATE_SWIFT_ASSET_SYMBOL_EXTENSIONS = YES;
				CLANG_ANALYZER_NONNULL = YES;
				CLANG_ANALYZER_NUMBER_OBJECT_CONVERSION = YES_AGGRESSIVE;
				CLANG_CXX_LANGUAGE_STANDARD = "gnu++20";
				CLANG_ENABLE_MODULES = YES;
				CLANG_ENABLE_OBJC_ARC = YES;
				CLANG_ENABLE_OBJC_WEAK = YES;
				CLANG_WARN_BLOCK_CAPTURE_AUTORELEASING = YES;
				CLANG_WARN_BOOL_CONVERSION = YES;
				CLANG_WARN_COMMA = YES;
				CLANG_WARN_CONSTANT_CONVERSION = YES;
				CLANG_WARN_DEPRECATED_OBJC_IMPLEMENTATIONS = YES;
				CLANG_WARN_DIRECT_OBJC_ISA_USAGE = YES_ERROR;
				CLANG_WARN_DOCUMENTATION_COMMENTS = YES;
				CLANG_WARN_EMPTY_BODY = YES;
				CLANG_WARN_ENUM_CONVERSION = YES;
				CLANG_WARN_INFINITE_RECURSION = YES;
				CLANG_WARN_INT_CONVERSION = YES;
				CLANG_WARN_NON_LITERAL_NULL_CONVERSION = YES;
				CLANG_WARN_OBJC_IMPLICIT_RETAIN_SELF = YES;
				CLANG_WARN_OBJC_LITERAL_CONVERSION = YES;
				CLANG_WARN_OBJC_ROOT_CLASS = YES_ERROR;
				CLANG_WARN_QUOTED_INCLUDE_IN_FRAMEWORK_HEADER = YES;
				CLANG_WARN_RANGE_LOOP_ANALYSIS = YES;
				CLANG_WARN_STRICT_PROTOTYPES = YES;
				CLANG_WARN_SUSPICIOUS_MOVE = YES;
				CLANG_WARN_UNGUARDED_AVAILABILITY = YES_AGGRESSIVE;
				CLANG_WARN_UNREACHABLE_CODE = YES;
				CLANG_WARN__DUPLICATE_METHOD_MATCH = YES;
				COPY_PHASE_STRIP = NO;
				DEBUG_INFORMATION_FORMAT = dwarf;
				ENABLE_STRICT_OBJC_MSGSEND = YES;
				ENABLE_TESTABILITY = YES;
				ENABLE_USER_SCRIPT_SANDBOXING = YES;
				GCC_C_LANGUAGE_STANDARD = gnu17;
				GCC_DYNAMIC_NO_PIC = NO;
				GCC_NO_COMMON_BLOCKS = YES;
				GCC_OPTIMIZATION_LEVEL = 0;
				GCC_PREPROCESSOR_DEFINITIONS = (
					"DEBUG=1",
					"$(inherited)",
				);
				GCC_WARN_64_TO_32_BIT_CONVERSION = YES;
				GCC_WARN_ABOUT_RETURN_TYPE = YES_ERROR;
				GCC_WARN_UNDECLARED_SELECTOR = YES;
				GCC_WARN_UNINITIALIZED_AUTOS = YES_AGGRESSIVE;
				GCC_WARN_UNUSED_FUNCTION = YES;
				GCC_WARN_UNUSED_VARIABLE = YES;
				IPHONEOS_DEPLOYMENT_TARGET = 17.0;
				LOCALIZATION_PREFERS_STRING_CATALOGS = YES;
				MTL_ENABLE_DEBUG_INFO = INCLUDE_SOURCE;
				MTL_FAST_MATH = YES;
				ONLY_ACTIVE_ARCH = YES;
				SDKROOT = iphoneos;
				SWIFT_ACTIVE_COMPILATION_CONDITIONS = "DEBUG $(inherited)";
				SWIFT_OPTIMIZATION_LEVEL = "-Onone";
			};
			name = Debug;
		};
		3A300E202BEA921B00F3C013 /* Release */ = {
			isa = XCBuildConfiguration;
			buildSettings = {
				ALWAYS_SEARCH_USER_PATHS = NO;
				ASSETCATALOG_COMPILER_GENERATE_SWIFT_ASSET_SYMBOL_EXTENSIONS = YES;
				CLANG_ANALYZER_NONNULL = YES;
				CLANG_ANALYZER_NUMBER_OBJECT_CONVERSION = YES_AGGRESSIVE;
				CLANG_CXX_LANGUAGE_STANDARD = "gnu++20";
				CLANG_ENABLE_MODULES = YES;
				CLANG_ENABLE_OBJC_ARC = YES;
				CLANG_ENABLE_OBJC_WEAK = YES;
				CLANG_WARN_BLOCK_CAPTURE_AUTORELEASING = YES;
				CLANG_WARN_BOOL_CONVERSION = YES;
				CLANG_WARN_COMMA = YES;
				CLANG_WARN_CONSTANT_CONVERSION = YES;
				CLANG_WARN_DEPRECATED_OBJC_IMPLEMENTATIONS = YES;
				CLANG_WARN_DIRECT_OBJC_ISA_USAGE = YES_ERROR;
				CLANG_WARN_DOCUMENTATION_COMMENTS = YES;
				CLANG_WARN_EMPTY_BODY = YES;
				CLANG_WARN_ENUM_CONVERSION = YES;
				CLANG_WARN_INFINITE_RECURSION = YES;
				CLANG_WARN_INT_CONVERSION = YES;
				CLANG_WARN_NON_LITERAL_NULL_CONVERSION = YES;
				CLANG_WARN_OBJC_IMPLICIT_RETAIN_SELF = YES;
				CLANG_WARN_OBJC_LITERAL_CONVERSION = YES;
				CLANG_WARN_OBJC_ROOT_CLASS = YES_ERROR;
				CLANG_WARN_QUOTED_INCLUDE_IN_FRAMEWORK_HEADER = YES;
				CLANG_WARN_RANGE_LOOP_ANALYSIS = YES;
				CLANG_WARN_STRICT_PROTOTYPES = YES;
				CLANG_WARN_SUSPICIOUS_MOVE = YES;
				CLANG_WARN_UNGUARDED_AVAILABILITY = YES_AGGRESSIVE;
				CLANG_WARN_UNREACHABLE_CODE = YES;
				CLANG_WARN__DUPLICATE_METHOD_MATCH = YES;
				COPY_PHASE_STRIP = NO;
				DEBUG_INFORMATION_FORMAT = "dwarf-with-dsym";
				ENABLE_NS_ASSERTIONS = NO;
				ENABLE_STRICT_OBJC_MSGSEND = YES;
				ENABLE_USER_SCRIPT_SANDBOXING = YES;
				GCC_C_LANGUAGE_STANDARD = gnu17;
				GCC_NO_COMMON_BLOCKS = YES;
				GCC_WARN_64_TO_32_BIT_CONVERSION = YES;
				GCC_WARN_ABOUT_RETURN_TYPE = YES_ERROR;
				GCC_WARN_UNDECLARED_SELECTOR = YES;
				GCC_WARN_UNINITIALIZED_AUTOS = YES_AGGRESSIVE;
				GCC_WARN_UNUSED_FUNCTION = YES;
				GCC_WARN_UNUSED_VARIABLE = YES;
				IPHONEOS_DEPLOYMENT_TARGET = 17.0;
				LOCALIZATION_PREFERS_STRING_CATALOGS = YES;
				MTL_ENABLE_DEBUG_INFO = NO;
				MTL_FAST_MATH = YES;
				SDKROOT = iphoneos;
				SWIFT_COMPILATION_MODE = wholemodule;
				VALIDATE_PRODUCT = YES;
			};
			name = Release;
		};
		3A300E222BEA921B00F3C013 /* Debug */ = {
			isa = XCBuildConfiguration;
			buildSettings = {
				ASSETCATALOG_COMPILER_APPICON_NAME = AppIcon;
				ASSETCATALOG_COMPILER_GLOBAL_ACCENT_COLOR_NAME = AccentColor;
				CODE_SIGN_STYLE = Automatic;
				CURRENT_PROJECT_VERSION = 1;
				DEVELOPMENT_ASSET_PATHS = "\"MyDaylist/Preview Content\"";
				ENABLE_PREVIEWS = YES;
				GENERATE_INFOPLIST_FILE = YES;
				INFOPLIST_KEY_UIApplicationSceneManifest_Generation = YES;
				INFOPLIST_KEY_UIApplicationSupportsIndirectInputEvents = YES;
				INFOPLIST_KEY_UILaunchScreen_Generation = YES;
				INFOPLIST_KEY_UISupportedInterfaceOrientations_iPad = "UIInterfaceOrientationPortrait UIInterfaceOrientationPortraitUpsideDown UIInterfaceOrientationLandscapeLeft UIInterfaceOrientationLandscapeRight";
				INFOPLIST_KEY_UISupportedInterfaceOrientations_iPhone = "UIInterfaceOrientationPortrait UIInterfaceOrientationLandscapeLeft UIInterfaceOrientationLandscapeRight";
				LD_RUNPATH_SEARCH_PATHS = (
					"$(inherited)",
					"@executable_path/Frameworks",
				);
				MARKETING_VERSION = 1.0;
				PRODUCT_BUNDLE_IDENTIFIER = com.andrew.MyDaylist;
				PRODUCT_NAME = "$(TARGET_NAME)";
				SWIFT_EMIT_LOC_STRINGS = YES;
				SWIFT_VERSION = 5.0;
				TARGETED_DEVICE_FAMILY = "1,2";
			};
			name = Debug;
		};
		3A300E232BEA921B00F3C013 /* Release */ = {
			isa = XCBuildConfiguration;
			buildSettings = {
				ASSETCATALOG_COMPILER_APPICON_NAME = AppIcon;
				ASSETCATALOG_COMPILER_GLOBAL_ACCENT_COLOR_NAME = AccentColor;
				CODE_SIGN_STYLE = Automatic;
				CURRENT_PROJECT_VERSION = 1;
				DEVELOPMENT_ASSET_PATHS = "\"MyDaylist/Preview Content\"";
				ENABLE_PREVIEWS = YES;
				GENERATE_INFOPLIST_FILE = YES;
				INFOPLIST_KEY_UIApplicationSceneManifest_Generation = YES;
				INFOPLIST_KEY_UIApplicationSupportsIndirectInputEvents = YES;
				INFOPLIST_KEY_UILaunchScreen_Generation = YES;
				INFOPLIST_KEY_UISupportedInterfaceOrientations_iPad = "UIInterfaceOrientationPortrait UIInterfaceOrientationPortraitUpsideDown UIInterfaceOrientationLandscapeLeft UIInterfaceOrientationLandscapeRight";
				INFOPLIST_KEY_UISupportedInterfaceOrientations_iPhone = "UIInterfaceOrientationPortrait UIInterfaceOrientationLandscapeLeft UIInterfaceOrientationLandscapeRight";
				LD_RUNPATH_SEARCH_PATHS = (
					"$(inherited)",
					"@executable_path/Frameworks",
				);
				MARKETING_VERSION = 1.0;
				PRODUCT_BUNDLE_IDENTIFIER = com.andrew.MyDaylist;
				PRODUCT_NAME = "$(TARGET_NAME)";
				SWIFT_EMIT_LOC_STRINGS = YES;
				SWIFT_VERSION = 5.0;
				TARGETED_DEVICE_FAMILY = "1,2";
			};
			name = Release;
		};
/* End XCBuildConfiguration section */

/* Begin XCConfigurationList section */
		3A300E0E2BEA921A00F3C013 /* Build configuration list for PBXProject "MyDaylist" */ = {
			isa = XCConfigurationList;
			buildConfigurations = (
				3A300E1F2BEA921B00F3C013 /* Debug */,
				3A300E202BEA921B00F3C013 /* Release */,
			);
			defaultConfigurationIsVisible = 0;
			defaultConfigurationName = Release;
		};
		3A300E212BEA921B00F3C013 /* Build configuration list for PBXNativeTarget "MyDaylist" */ = {
			isa = XCConfigurationList;
			buildConfigurations = (
				3A300E222BEA921B00F3C013 /* Debug */,
				3A300E232BEA921B00F3C013 /* Release */,
			);
			defaultConfigurationIsVisible = 0;
			defaultConfigurationName = Release;
		};
/* End XCConfigurationList section */
	};
	rootObject = 3A300E0B2BEA921A00F3C013 /* Project object */;
}
